lockfileVersion: '6.0'

settings:
  autoInstallPeers: true
  excludeLinksFromLockfile: false

dependencies:
  '@webcomponents/webcomponentsjs':
    specifier: ~2.8.0
    version: 2.8.0

devDependencies:
  chrome-types:
    specifier: ~0.1.273
    version: 0.1.273

packages:

  /@webcomponents/webcomponentsjs@2.8.0:
    resolution: {integrity: sha512-loGD63sacRzOzSJgQnB9ZAhaQGkN7wl2Zuw7tsphI5Isa0irijrRo6EnJii/GgjGefIFO8AIO7UivzRhFaEk9w==}
    dev: false

  /chrome-types@0.1.273:
    resolution: {integrity: sha512-7idHVle8LNTPrA8Kyzv5HG0+DsL8YZ1DbHEuQNMQJKbLvPF2IJLGbGhJLMAMPhmOyH8WDCgGONMMQ67u+Nm6RA==}
    dev: true
